// !$*UTF8*$!
{
	archiveVersion = 1;
	classes = {
	};
	objectVersion = 46;
	objects = {

/* Begin PBXBuildFile section */
		F570F424194C2A3F005F97AD /* main.cpp in Sources */ = {isa = PBXBuildFile; fileRef = F570F423194C2A3F005F97AD /* main.cpp */; };
		F57BAFA4194C411B00E9D728 /* libusb-1.0.a in Frameworks */ = {isa = PBXBuildFile; fileRef = F57BAFA1194C40E400E9D728 /* libusb-1.0.a */; };
		F57BAFAB194C419800E9D728 /* Foundation.framework in Frameworks */ = {isa = PBXBuildFile; fileRef = F57BAFAA194C419800E9D728 /* Foundation.framework */; };
		F57BAFAC194C453D00E9D728 /* IOKit.framework in Frameworks */ = {isa = PBXBuildFile; fileRef = F57BAFA7194C413700E9D728 /* IOKit.framework */; };
/* End PBXBuildFile section */

/* Begin PBXCopyFilesBuildPhase section */
		F570F41E194C2A3F005F97AD /* CopyFiles */ = {
			isa = PBXCopyFilesBuildPhase;
			buildActionMask = 2147483647;
			dstPath = /usr/share/man/man1/;
			dstSubfolderSpec = 0;
			files = (
			);
			runOnlyForDeploymentPostprocessing = 1;
		};
/* End PBXCopyFilesBuildPhase section */

/* Begin PBXFileReference section */
		F570F420194C2A3F005F97AD /* gimicUsbSpcTest */ = {isa = PBXFileReference; explicitFileType = "compiled.mach-o.executable"; includeInIndex = 0; path = gimicUsbSpcTest; sourceTree = BUILT_PRODUCTS_DIR; };
		F570F423194C2A3F005F97AD /* main.cpp */ = {isa = PBXFileReference; lastKnownFileType = sourcecode.cpp.cpp; path = main.cpp; sourceTree = "<group>"; };
		F57BAFA1194C40E400E9D728 /* libusb-1.0.a */ = {isa = PBXFileReference; lastKnownFileType = archive.ar; name = "libusb-1.0.a"; path = "../../../../../usr/local/lib/libusb-1.0.a"; sourceTree = "<group>"; };
		F57BAFA7194C413700E9D728 /* IOKit.framework */ = {isa = PBXFileReference; lastKnownFileType = wrapper.framework; name = IOKit.framework; path = System/Library/Frameworks/IOKit.framework; sourceTree = SDKROOT; };
		F57BAFAA194C419800E9D728 /* Foundation.framework */ = {isa = PBXFileReference; lastKnownFileType = wrapper.framework; name = Foundation.framework; path = System/Library/Frameworks/Foundation.framework; sourceTree = SDKROOT; };
/* End PBXFileReference section */

/* Begin PBXFrameworksBuildPhase section */
		F570F41D194C2A3F005F97AD /* Frameworks */ = {
			isa = PBXFrameworksBuildPhase;
			buildActionMask = 2147483647;
			files = (
				F57BAFAB194C419800E9D728 /* Foundation.framework in Frameworks */,
				F57BAFA4194C411B00E9D728 /* libusb-1.0.a in Frameworks */,
				F57BAFAC194C453D00E9D728 /* IOKit.framework in Frameworks */,
			);
			runOnlyForDeploymentPostprocessing = 0;
		};
/* End PBXFrameworksBuildPhase section */

/* Begin PBXGroup section */
		F570F417194C2A3F005F97AD = {
			isa = PBXGroup;
			children = (
				F57BAFAA194C419800E9D728 /* Foundation.framework */,
				F57BAFA7194C413700E9D728 /* IOKit.framework */,
				F57BAFA1194C40E400E9D728 /* libusb-1.0.a */,
				F570F422194C2A3F005F97AD /* gimicUsbSpcTest */,
				F570F421194C2A3F005F97AD /* Products */,
			);
			sourceTree = "<group>";
		};
		F570F421194C2A3F005F97AD /* Products */ = {
			isa = PBXGroup;
			children = (
				F570F420194C2A3F005F97AD /* gimicUsbSpcTest */,
			);
			name = Products;
			sourceTree = "<group>";
		};
		F570F422194C2A3F005F97AD /* gimicUsbSpcTest */ = {
			isa = PBXGroup;
			children = (
				F570F423194C2A3F005F97AD /* main.cpp */,
			);
			path = gimicUsbSpcTest;
			sourceTree = "<group>";
		};
/* End PBXGroup section */

/* Begin PBXNativeTarget section */
		F570F41F194C2A3F005F97AD /* gimicUsbSpcTest */ = {
			isa = PBXNativeTarget;
			buildConfigurationList = F570F429194C2A3F005F97AD /* Build configuration list for PBXNativeTarget "gimicUsbSpcTest" */;
			buildPhases = (
				F570F41C194C2A3F005F97AD /* Sources */,
				F570F41D194C2A3F005F97AD /* Frameworks */,
				F570F41E194C2A3F005F97AD /* CopyFiles */,
			);
			buildRules = (
			);
			dependencies = (
			);
			name = gimicUsbSpcTest;
			productName = gimicUsbSpcTest;
			productReference = F570F420194C2A3F005F97AD /* gimicUsbSpcTest */;
			productType = "com.apple.product-type.tool";
		};
/* End PBXNativeTarget section */

/* Begin PBXProject section */
		F570F418194C2A3F005F97AD /* Project object */ = {
			isa = PBXProject;
			attributes = {
				LastUpgradeCheck = 0510;
				ORGANIZATIONNAME = osoumen;
			};
			buildConfigurationList = F570F41B194C2A3F005F97AD /* Build configuration list for PBXProject "gimicUsbSpcTest" */;
			compatibilityVersion = "Xcode 3.2";
			developmentRegion = English;
			hasScannedForEncodings = 0;
			knownRegions = (
				en,
			);
			mainGroup = F570F417194C2A3F005F97AD;
			productRefGroup = F570F421194C2A3F005F97AD /* Products */;
			projectDirPath = "";
			projectRoot = "";
			targets = (
				F570F41F194C2A3F005F97AD /* gimicUsbSpcTest */,
			);
		};
/* End PBXProject section */

/* Begin PBXSourcesBuildPhase section */
		F570F41C194C2A3F005F97AD /* Sources */ = {
			isa = PBXSourcesBuildPhase;
			buildActionMask = 2147483647;
			files = (
				F570F424194C2A3F005F97AD /* main.cpp in Sources */,
			);
			runOnlyForDeploymentPostprocessing = 0;
		};
/* End PBXSourcesBuildPhase section */

/* Begin XCBuildConfiguration section */
		F570F427194C2A3F005F97AD /* Debug */ = {
			isa = XCBuildConfiguration;
			buildSettings = {
				ADDITIONAL_SDKS = /usr/local/lib;
				ALWAYS_SEARCH_USER_PATHS = NO;
				CLANG_CXX_LANGUAGE_STANDARD = "gnu++0x";
				CLANG_CXX_LIBRARY = "libstdc++";
				CLANG_ENABLE_OBJC_ARC = YES;
				CLANG_WARN_CONSTANT_CONVERSION = YES;
				CLANG_WARN_EMPTY_BODY = YES;
				CLANG_WARN_ENUM_CONVERSION = YES;
				CLANG_WARN_INT_CONVERSION = YES;
				CLANG_WARN__DUPLICATE_METHOD_MATCH = YES;
				COPY_PHASE_STRIP = NO;
				GCC_C_LANGUAGE_STANDARD = gnu99;
				GCC_DYNAMIC_NO_PIC = NO;
				GCC_ENABLE_OBJC_EXCEPTIONS = YES;
				GCC_OPTIMIZATION_LEVEL = 0;
				GCC_PREPROCESSOR_DEFINITIONS = (
					"DEBUG=1",
					"$(inherited)",
				);
				GCC_SYMBOLS_PRIVATE_EXTERN = NO;
				GCC_WARN_64_TO_32_BIT_CONVERSION = YES;
				GCC_WARN_ABOUT_RETURN_TYPE = YES;
				GCC_WARN_UNINITIALIZED_AUTOS = YES;
				GCC_WARN_UNUSED_VARIABLE = YES;
				HEADER_SEARCH_PATHS = (
					"$(inherited)",
					/Applications/Xcode.app/Contents/Developer/Toolchains/XcodeDefault.xctoolchain/usr/include,
					"/usr/local/include/**",
				);
				LIBRARY_SEARCH_PATHS = /usr/local/lib;
				MACOSX_DEPLOYMENT_TARGET = 10.7;
				ONLY_ACTIVE_ARCH = YES;
				PRELINK_LIBS = "";
				SDKROOT = macosx10.7;
			};
			name = Debug;
		};
		F570F428194C2A3F005F97AD /* Release */ = {
			isa = XCBuildConfiguration;
			buildSettings = {
				ADDITIONAL_SDKS = /usr/local/lib;
				ALWAYS_SEARCH_USER_PATHS = NO;
				CLANG_CXX_LANGUAGE_STANDARD = "gnu++0x";
				CLANG_CXX_LIBRARY = "libstdc++";
				CLANG_ENABLE_OBJC_ARC = YES;
				CLANG_WARN_CONSTANT_CONVERSION = YES;
				CLANG_WARN_EMPTY_BODY = YES;
				CLANG_WARN_ENUM_CONVERSION = YES;
				CLANG_WARN_INT_CONVERSION = YES;
				CLANG_WARN__DUPLICATE_METHOD_MATCH = YES;
				COPY_PHASE_STRIP = YES;
				DEBUG_INFORMATION_FORMAT = "dwarf-with-dsym";
				GCC_C_LANGUAGE_STANDARD = gnu99;
				GCC_ENABLE_OBJC_EXCEPTIONS = YES;
				GCC_WARN_64_TO_32_BIT_CONVERSION = YES;
				GCC_WARN_ABOUT_RETURN_TYPE = YES;
				GCC_WARN_UNINITIALIZED_AUTOS = YES;
				GCC_WARN_UNUSED_VARIABLE = YES;
				HEADER_SEARCH_PATHS = (
					"$(inherited)",
					/Applications/Xcode.app/Contents/Developer/Toolchains/XcodeDefault.xctoolchain/usr/include,
					"/usr/local/include/**",
				);
				LIBRARY_SEARCH_PATHS = /usr/local/lib;
				MACOSX_DEPLOYMENT_TARGET = 10.7;
				PRELINK_LIBS = "";
				SDKROOT = macosx10.7;
			};
			name = Release;
		};
		F570F42A194C2A3F005F97AD /* Debug */ = {
			isa = XCBuildConfiguration;
			buildSettings = {
				LIBRARY_SEARCH_PATHS = (
					"$(inherited)",
					"/Users/osoumen/libusb-1.0.18/Xcode/Release",
					"/Users/osoumen/libusb-1.0.18/Xcode/Debug",
				);
				PRODUCT_NAME = "$(TARGET_NAME)";
			};
			name = Debug;
		};
		F570F42B194C2A3F005F97AD /* Release */ = {
			isa = XCBuildConfiguration;
			buildSettings = {
				LIBRARY_SEARCH_PATHS = (
					"$(inherited)",
					"/Users/osoumen/libusb-1.0.18/Xcode/Release",
					"/Users/osoumen/libusb-1.0.18/Xcode/Debug",
				);
				PRODUCT_NAME = "$(TARGET_NAME)";
			};
			name = Release;
		};
/* End XCBuildConfiguration section */

/* Begin XCConfigurationList section */
		F570F41B194C2A3F005F97AD /* Build configuration list for PBXProject "gimicUsbSpcTest" */ = {
			isa = XCConfigurationList;
			buildConfigurations = (
				F570F427194C2A3F005F97AD /* Debug */,
				F570F428194C2A3F005F97AD /* Release */,
			);
			defaultConfigurationIsVisible = 0;
			defaultConfigurationName = Release;
		};
		F570F429194C2A3F005F97AD /* Build configuration list for PBXNativeTarget "gimicUsbSpcTest" */ = {
			isa = XCConfigurationList;
			buildConfigurations = (
				F570F42A194C2A3F005F97AD /* Debug */,
				F570F42B194C2A3F005F97AD /* Release */,
			);
			defaultConfigurationIsVisible = 0;
			defaultConfigurationName = Release;
		};
/* End XCConfigurationList section */
	};
	rootObject = F570F418194C2A3F005F97AD /* Project object */;
}
